// !$*UTF8*$!
{
	archiveVersion = 1;
	classes = {
	};
	objectVersion = 46;
	objects = {

/* Begin PBXBuildFile section */
		53DA97C6149B5FCE0020CBB9 /* Foundation.framework in Frameworks */ = {isa = PBXBuildFile; fileRef = 53DA97C5149B5FCE0020CBB9 /* Foundation.framework */; };
		53DA97CC149B5FCE0020CBB9 /* InfoPlist.strings in Resources */ = {isa = PBXBuildFile; fileRef = 53DA97CA149B5FCE0020CBB9 /* InfoPlist.strings */; };
		53DA97D8149B602C0020CBB9 /* TestH1.h in Headers */ = {isa = PBXBuildFile; fileRef = 53DA97D6149B602C0020CBB9 /* TestH1.h */; settings = {ATTRIBUTES = (Public, ); }; };
		53DA97D9149B602C0020CBB9 /* TestH1.m in Sources */ = {isa = PBXBuildFile; fileRef = 53DA97D7149B602C0020CBB9 /* TestH1.m */; };
		53DA97DC149B603F0020CBB9 /* TestH2.h in Headers */ = {isa = PBXBuildFile; fileRef = 53DA97DA149B603F0020CBB9 /* TestH2.h */; settings = {ATTRIBUTES = (Public, ); }; };
		53DA97DD149B603F0020CBB9 /* TestH2.m in Sources */ = {isa = PBXBuildFile; fileRef = 53DA97DB149B603F0020CBB9 /* TestH2.m */; };
		53DA97E0149B604C0020CBB9 /* TestH3.h in Headers */ = {isa = PBXBuildFile; fileRef = 53DA97DE149B604C0020CBB9 /* TestH3.h */; settings = {ATTRIBUTES = (Public, ); }; };
		53DA97E1149B604C0020CBB9 /* TestH3.m in Sources */ = {isa = PBXBuildFile; fileRef = 53DA97DF149B604C0020CBB9 /* TestH3.m */; };
/* End PBXBuildFile section */

/* Begin PBXFileReference section */
		53DA97C2149B5FCE0020CBB9 /* NonlinearHeadersExample.framework */ = {isa = PBXFileReference; explicitFileType = wrapper.framework.static; includeInIndex = 0; path = NonlinearHeadersExample.framework; sourceTree = BUILT_PRODUCTS_DIR; };
		53DA97C5149B5FCE0020CBB9 /* Foundation.framework */ = {isa = PBXFileReference; lastKnownFileType = wrapper.framework; name = Foundation.framework; path = System/Library/Frameworks/Foundation.framework; sourceTree = SDKROOT; };
		53DA97C9149B5FCE0020CBB9 /* NonlinearHeadersExample-Info.plist */ = {isa = PBXFileReference; lastKnownFileType = text.plist.xml; path = "NonlinearHeadersExample-Info.plist"; sourceTree = "<group>"; };
		53DA97CB149B5FCE0020CBB9 /* en */ = {isa = PBXFileReference; lastKnownFileType = text.plist.strings; name = en; path = en.lproj/InfoPlist.strings; sourceTree = "<group>"; };
		53DA97CD149B5FCE0020CBB9 /* NonlinearHeadersExample-Prefix.pch */ = {isa = PBXFileReference; lastKnownFileType = sourcecode.c.h; path = "NonlinearHeadersExample-Prefix.pch"; sourceTree = "<group>"; };
		53DA97D6149B602C0020CBB9 /* TestH1.h */ = {isa = PBXFileReference; fileEncoding = 4; lastKnownFileType = sourcecode.c.h; path = TestH1.h; sourceTree = "<group>"; };
		53DA97D7149B602C0020CBB9 /* TestH1.m */ = {isa = PBXFileReference; fileEncoding = 4; lastKnownFileType = sourcecode.c.objc; path = TestH1.m; sourceTree = "<group>"; };
		53DA97DA149B603F0020CBB9 /* TestH2.h */ = {isa = PBXFileReference; fileEncoding = 4; lastKnownFileType = sourcecode.c.h; path = TestH2.h; sourceTree = "<group>"; };
		53DA97DB149B603F0020CBB9 /* TestH2.m */ = {isa = PBXFileReference; fileEncoding = 4; lastKnownFileType = sourcecode.c.objc; path = TestH2.m; sourceTree = "<group>"; };
		53DA97DE149B604C0020CBB9 /* TestH3.h */ = {isa = PBXFileReference; fileEncoding = 4; lastKnownFileType = sourcecode.c.h; path = TestH3.h; sourceTree = "<group>"; };
		53DA97DF149B604C0020CBB9 /* TestH3.m */ = {isa = PBXFileReference; fileEncoding = 4; lastKnownFileType = sourcecode.c.objc; path = TestH3.m; sourceTree = "<group>"; };
/* End PBXFileReference section */

/* Begin PBXFrameworksBuildPhase section */
		53DA97BC149B5FCE0020CBB9 /* Frameworks */ = {
			isa = PBXFrameworksBuildPhase;
			buildActionMask = 2147483647;
			files = (
				53DA97C6149B5FCE0020CBB9 /* Foundation.framework in Frameworks */,
			);
			runOnlyForDeploymentPostprocessing = 0;
		};
/* End PBXFrameworksBuildPhase section */

/* Begin PBXGroup section */
		53DA97B3149B5FCE0020CBB9 = {
			isa = PBXGroup;
			children = (
				53DA97C7149B5FCE0020CBB9 /* NonlinearHeadersExample */,
				53DA97C4149B5FCE0020CBB9 /* Frameworks */,
				53DA97C3149B5FCE0020CBB9 /* Products */,
			);
			sourceTree = "<group>";
		};
		53DA97C3149B5FCE0020CBB9 /* Products */ = {
			isa = PBXGroup;
			children = (
				53DA97C2149B5FCE0020CBB9 /* NonlinearHeadersExample.framework */,
			);
			name = Products;
			sourceTree = "<group>";
		};
		53DA97C4149B5FCE0020CBB9 /* Frameworks */ = {
			isa = PBXGroup;
			children = (
				53DA97C5149B5FCE0020CBB9 /* Foundation.framework */,
			);
			name = Frameworks;
			sourceTree = "<group>";
		};
		53DA97C7149B5FCE0020CBB9 /* NonlinearHeadersExample */ = {
			isa = PBXGroup;
			children = (
				53DA97D3149B60180020CBB9 /* h1 */,
				53DA97C8149B5FCE0020CBB9 /* Supporting Files */,
			);
			path = NonlinearHeadersExample;
			sourceTree = "<group>";
		};
		53DA97C8149B5FCE0020CBB9 /* Supporting Files */ = {
			isa = PBXGroup;
			children = (
				53DA97C9149B5FCE0020CBB9 /* NonlinearHeadersExample-Info.plist */,
				53DA97CA149B5FCE0020CBB9 /* InfoPlist.strings */,
				53DA97CD149B5FCE0020CBB9 /* NonlinearHeadersExample-Prefix.pch */,
			);
			name = "Supporting Files";
			sourceTree = "<group>";
		};
		53DA97D3149B60180020CBB9 /* h1 */ = {
			isa = PBXGroup;
			children = (
				53DA97D4149B60180020CBB9 /* h2 */,
				53DA97D6149B602C0020CBB9 /* TestH1.h */,
				53DA97D7149B602C0020CBB9 /* TestH1.m */,
			);
			path = h1;
			sourceTree = "<group>";
		};
		53DA97D4149B60180020CBB9 /* h2 */ = {
			isa = PBXGroup;
			children = (
				53DA97D5149B60180020CBB9 /* h3 */,
				53DA97DA149B603F0020CBB9 /* TestH2.h */,
				53DA97DB149B603F0020CBB9 /* TestH2.m */,
			);
			path = h2;
			sourceTree = "<group>";
		};
		53DA97D5149B60180020CBB9 /* h3 */ = {
			isa = PBXGroup;
			children = (
				53DA97DE149B604C0020CBB9 /* TestH3.h */,
				53DA97DF149B604C0020CBB9 /* TestH3.m */,
			);
			path = h3;
			sourceTree = "<group>";
		};
/* End PBXGroup section */

/* Begin PBXHeadersBuildPhase section */
		53DA97BD149B5FCE0020CBB9 /* Headers */ = {
			isa = PBXHeadersBuildPhase;
			buildActionMask = 2147483647;
			files = (
				53DA97D8149B602C0020CBB9 /* TestH1.h in Headers */,
				53DA97DC149B603F0020CBB9 /* TestH2.h in Headers */,
				53DA97E0149B604C0020CBB9 /* TestH3.h in Headers */,
			);
			runOnlyForDeploymentPostprocessing = 0;
		};
/* End PBXHeadersBuildPhase section */

/* Begin PBXNativeTarget section */
		53DA97C1149B5FCE0020CBB9 /* NonlinearHeadersExample */ = {
			isa = PBXNativeTarget;
			buildConfigurationList = 53DA97D0149B5FCE0020CBB9 /* Build configuration list for PBXNativeTarget "NonlinearHeadersExample" */;
			buildPhases = (
				53DA97BA149B5FCE0020CBB9 /* ShellScript */,
				53DA97BB149B5FCE0020CBB9 /* Sources */,
				53DA97BC149B5FCE0020CBB9 /* Frameworks */,
				53DA97BD149B5FCE0020CBB9 /* Headers */,
				53DA97BE149B5FCE0020CBB9 /* Resources */,
				53DA97BF149B5FCE0020CBB9 /* ShellScript */,
				53DA97C0149B5FCE0020CBB9 /* ShellScript */,
			);
			buildRules = (
			);
			dependencies = (
			);
			name = NonlinearHeadersExample;
			productName = NonlinearHeadersExample;
			productReference = 53DA97C2149B5FCE0020CBB9 /* NonlinearHeadersExample.framework */;
			productType = "com.apple.product-type.framework.static";
		};
/* End PBXNativeTarget section */

/* Begin PBXProject section */
		53DA97B5149B5FCE0020CBB9 /* Project object */ = {
			isa = PBXProject;
			attributes = {
				LastUpgradeCheck = 0420;
				ORGANIZATIONNAME = "EPAM systems";
			};
			buildConfigurationList = 53DA97B8149B5FCE0020CBB9 /* Build configuration list for PBXProject "NonlinearHeadersExample" */;
			compatibilityVersion = "Xcode 3.2";
			developmentRegion = English;
			hasScannedForEncodings = 0;
			knownRegions = (
				en,
			);
			mainGroup = 53DA97B3149B5FCE0020CBB9;
			productRefGroup = 53DA97C3149B5FCE0020CBB9 /* Products */;
			projectDirPath = "";
			projectRoot = "";
			targets = (
				53DA97C1149B5FCE0020CBB9 /* NonlinearHeadersExample */,
			);
		};
/* End PBXProject section */

/* Begin PBXResourcesBuildPhase section */
		53DA97BE149B5FCE0020CBB9 /* Resources */ = {
			isa = PBXResourcesBuildPhase;
			buildActionMask = 2147483647;
			files = (
				53DA97CC149B5FCE0020CBB9 /* InfoPlist.strings in Resources */,
			);
			runOnlyForDeploymentPostprocessing = 0;
		};
/* End PBXResourcesBuildPhase section */

/* Begin PBXShellScriptBuildPhase section */
		53DA97BA149B5FCE0020CBB9 /* ShellScript */ = {
			isa = PBXShellScriptBuildPhase;
			buildActionMask = 2147483647;
			files = (
			);
			inputPaths = (
			);
			outputPaths = (
			);
			runOnlyForDeploymentPostprocessing = 0;
			shellPath = /bin/sh;
			shellScript = "set -e\n\nset +u\nif [[ $UFW_MASTER_SCRIPT_RUNNING ]]\nthen\n    # Nothing for the slave script to do\n    exit 0\nfi\nset -u\n\nif [[ \"$SDK_NAME\" =~ ([A-Za-z]+) ]]\nthen\n    UFW_SDK_PLATFORM=${BASH_REMATCH[1]}\nelse\n    echo \"Could not find platform name from SDK_NAME: $SDK_NAME\"\n    exit 1\nfi\n\nif [[ \"$SDK_NAME\" =~ ([0-9]+.*$) ]]\nthen\n\tUFW_SDK_VERSION=${BASH_REMATCH[1]}\nelse\n    echo \"Could not find sdk version  from SDK_NAME: $SDK_NAME\"\n    exit 1\nfi\n\nif [[ \"$UFW_SDK_PLATFORM\" = \"iphoneos\" ]]\nthen\n    UFW_OTHER_PLATFORM=iphonesimulator\nelse\n    UFW_OTHER_PLATFORM=iphoneos\nfi\n\nif [[ \"$BUILT_PRODUCTS_DIR\" =~ (.*)$UFW_SDK_PLATFORM$ ]]\nthen\n    UFW_OTHER_BUILT_PRODUCTS_DIR=\"${BASH_REMATCH[1]}${UFW_OTHER_PLATFORM}\"\nelse\n    echo \"Could not find $UFW_SDK_PLATFORM in $BUILT_PRODUCTS_DIR\"\n    exit 1\nfi\n\nONLY_ACTIVE_PLATFORM=${ONLY_ACTIVE_PLATFORM:-$ONLY_ACTIVE_ARCH}\n\n# Short-circuit if all binaries are up to date\n\nif [[ -f \"${BUILT_PRODUCTS_DIR}/${EXECUTABLE_PATH}\" ]] && \\\n   [[ -f \"${BUILT_PRODUCTS_DIR}/${PRODUCT_NAME}.embeddedframework/${EXECUTABLE_PATH}\" ]] && \\\n   [[ ! \"${BUILT_PRODUCTS_DIR}/${EXECUTABLE_PATH}\" -nt \"${BUILT_PRODUCTS_DIR}/${PRODUCT_NAME}.embeddedframework/${EXECUTABLE_PATH}\" ]] && \\\n  ([[ \"${ONLY_ACTIVE_PLATFORM}\" == \"YES\" ]] || \\\n    ([[ -f \"${UFW_OTHER_BUILT_PRODUCTS_DIR}/${EXECUTABLE_PATH}\" ]] && \\\n     [[ -f \"${UFW_OTHER_BUILT_PRODUCTS_DIR}/${PRODUCT_NAME}.embeddedframework/${EXECUTABLE_PATH}\" ]] && \\\n     [[ ! \"${UFW_OTHER_BUILT_PRODUCTS_DIR}/${EXECUTABLE_PATH}\" -nt \"${UFW_OTHER_BUILT_PRODUCTS_DIR}/${PRODUCT_NAME}.embeddedframework/${EXECUTABLE_PATH}\" ]]\n    )\n  )\nthen\n    exit 0\nfi\n\n\n# Clean other platform if needed\n\nif [[ ! -f \"${BUILT_PRODUCTS_DIR}/${EXECUTABLE_PATH}\" ]] && [[ \"${ONLY_ACTIVE_PLATFORM}\" != \"YES\" ]]\nthen\n\techo \"Platform \\\"$UFW_SDK_PLATFORM\\\" was cleaned recently. Cleaning \\\"$UFW_OTHER_PLATFORM\\\" as well\"\n\techo xcodebuild -project \"${PROJECT_FILE_PATH}\" -target \"${TARGET_NAME}\" -configuration \"${CONFIGURATION}\" -sdk ${UFW_OTHER_PLATFORM}${UFW_SDK_VERSION} BUILD_DIR=\"${BUILD_DIR}\" CONFIGURATION_TEMP_DIR=\"${PROJECT_TEMP_DIR}/${CONFIGURATION}-${UFW_OTHER_PLATFORM}\" clean\n\txcodebuild -project \"${PROJECT_FILE_PATH}\" -target \"${TARGET_NAME}\" -configuration \"${CONFIGURATION}\" -sdk ${UFW_OTHER_PLATFORM}${UFW_SDK_VERSION} BUILD_DIR=\"${BUILD_DIR}\" CONFIGURATION_TEMP_DIR=\"${PROJECT_TEMP_DIR}/${CONFIGURATION}-${UFW_OTHER_PLATFORM}\" clean\nfi\n\n\n# Make sure we are building from fresh binaries\n\nrm -rf \"${BUILT_PRODUCTS_DIR}/${EXECUTABLE_PATH}\"\nrm -rf \"${BUILT_PRODUCTS_DIR}/${PRODUCT_NAME}.embeddedframework\"\n\nif [[ \"${ONLY_ACTIVE_PLATFORM}\" != \"YES\" ]]\nthen\n    rm -rf \"${UFW_OTHER_BUILT_PRODUCTS_DIR}/${EXECUTABLE_PATH}\"\n    rm -rf \"${UFW_OTHER_BUILT_PRODUCTS_DIR}/${PRODUCT_NAME}.embeddedframework\"\nfi\n";
		};
		53DA97BF149B5FCE0020CBB9 /* ShellScript */ = {
			isa = PBXShellScriptBuildPhase;
			buildActionMask = 2147483647;
			files = (
			);
			inputPaths = (
			);
			outputPaths = (
			);
			runOnlyForDeploymentPostprocessing = 0;
			shellPath = /bin/sh;
			shellScript = "INLINED_PYHON_SCRIPT=\"import sys; import os.path; headerPathFromFind = sys.argv[2]; srcRoot = sys.argv[1]; headerPathFromFindWithoutFilename = os.path.dirname( headerPathFromFind ); relatedPathForDirectory = os.path.relpath( headerPathFromFindWithoutFilename, srcRoot ); print( relatedPathForDirectory );\"\n\nHEADERS_ROOT=$SRCROOT/$PRODUCT_NAME\nFRAMEWORK_HEADERS_DIR=\"$BUILT_PRODUCTS_DIR/$WRAPPER_NAME/Headers\"\n\n## only header files expected at this point\nPUBLIC_HEADERS=$( ls -1 \"$FRAMEWORK_HEADERS_DIR\" )\n\n\nfor PUBLIC_HEADER in $PUBLIC_HEADERS; do\n\n   FIND_RESULT=$( find \"$HEADERS_ROOT\" -name \"$PUBLIC_HEADER\" )\n   RELATIVE_PATH=$( python -c \"$INLINED_PYHON_SCRIPT\" \"$HEADERS_ROOT\" \"$FIND_RESULT\" )\n\n   mkdir -p \"$FRAMEWORK_HEADERS_DIR/$RELATIVE_PATH\"\n   mv \"$FRAMEWORK_HEADERS_DIR/$PUBLIC_HEADER\" \"$FRAMEWORK_HEADERS_DIR/$RELATIVE_PATH/$PUBLIC_HEADER\"\ndone\n";
		};
		53DA97C0149B5FCE0020CBB9 /* ShellScript */ = {
			isa = PBXShellScriptBuildPhase;
			buildActionMask = 2147483647;
			files = (
			);
			inputPaths = (
			);
			outputPaths = (
			);
			runOnlyForDeploymentPostprocessing = 0;
			shellPath = /bin/sh;
			shellScript = "set -e\n\nset +u\nif [[ $UFW_MASTER_SCRIPT_RUNNING ]]\nthen\n    # Nothing for the slave script to do\n    exit 0\nfi\nset -u\nexport UFW_MASTER_SCRIPT_RUNNING=1\n\n\n# Functions\n\n## List files in the specified directory, storing to the specified array.\n#\n# @param $1 The path to list\n# @param $2 The name of the array to fill\n#\n##\nlist_files ()\n{\n    filelist=$(ls \"$1\")\n    while read line\n    do\n        eval \"$2[\\${#$2[*]}]=\\\"\\$line\\\"\"\n    done <<< \"$filelist\"\n}\n\n\n# Sanity check\n\nif [[ ! -f \"${BUILT_PRODUCTS_DIR}/${EXECUTABLE_PATH}\" ]]\nthen\n    echo \"Framework target \\\"${TARGET_NAME}\\\" had no source files to build from. Make sure your source files have the correct target membership\"\n    exit 1\nfi\n\n\n# Gather information\n\nif [[ \"$SDK_NAME\" =~ ([A-Za-z]+) ]]\nthen\n    UFW_SDK_PLATFORM=${BASH_REMATCH[1]}\nelse\n    echo \"Could not find platform name from SDK_NAME: $SDK_NAME\"\n    exit 1\nfi\n\nif [[ \"$SDK_NAME\" =~ ([0-9]+.*$) ]]\nthen\n    UFW_SDK_VERSION=${BASH_REMATCH[1]}\nelse\n    echo \"Could not find sdk version from SDK_NAME: $SDK_NAME\"\n    exit 1\nfi\n\nif [[ \"$UFW_SDK_PLATFORM\" = \"iphoneos\" ]]\nthen\n    UFW_OTHER_PLATFORM=iphonesimulator\nelse\n    UFW_OTHER_PLATFORM=iphoneos\nfi\n\nif [[ \"$BUILT_PRODUCTS_DIR\" =~ (.*)$UFW_SDK_PLATFORM$ ]]\nthen\n    UFW_OTHER_BUILT_PRODUCTS_DIR=\"${BASH_REMATCH[1]}${UFW_OTHER_PLATFORM}\"\nelse\n    echo \"Could not find $UFW_SDK_PLATFORM in $BUILT_PRODUCTS_DIR\"\n    exit 1\nfi\n\nONLY_ACTIVE_PLATFORM=${ONLY_ACTIVE_PLATFORM:-$ONLY_ACTIVE_ARCH}\n\n# Short-circuit if all binaries are up to date.\n# We already checked the other platform in the prerun script.\n\nif [[ -f \"${BUILT_PRODUCTS_DIR}/${EXECUTABLE_PATH}\" ]] && [[ -f \"${BUILT_PRODUCTS_DIR}/${PRODUCT_NAME}.embeddedframework/${EXECUTABLE_PATH}\" ]] && [[ ! \"${BUILT_PRODUCTS_DIR}/${EXECUTABLE_PATH}\" -nt \"${BUILT_PRODUCTS_DIR}/${PRODUCT_NAME}.embeddedframework/${EXECUTABLE_PATH}\" ]]\nthen\n    exit 0\nfi\n\nif [ \"${ONLY_ACTIVE_PLATFORM}\" == \"YES\" ]\nthen\n    echo \"ONLY_ACTIVE_PLATFORM=${ONLY_ACTIVE_PLATFORM}: Skipping other platform build\"\nelse\n    # Make sure the other platform gets built\n    \n    echo \"Build other platform\"\n    \n    echo xcodebuild -project \"${PROJECT_FILE_PATH}\" -target \"${TARGET_NAME}\" -configuration \"${CONFIGURATION}\" -sdk ${UFW_OTHER_PLATFORM}${UFW_SDK_VERSION} BUILD_DIR=\"${BUILD_DIR}\" CONFIGURATION_TEMP_DIR=\"${PROJECT_TEMP_DIR}/${CONFIGURATION}-${UFW_OTHER_PLATFORM}\" $ACTION\n    xcodebuild -project \"${PROJECT_FILE_PATH}\" -target \"${TARGET_NAME}\" -configuration \"${CONFIGURATION}\" -sdk ${UFW_OTHER_PLATFORM}${UFW_SDK_VERSION} BUILD_DIR=\"${BUILD_DIR}\" CONFIGURATION_TEMP_DIR=\"${PROJECT_TEMP_DIR}/${CONFIGURATION}-${UFW_OTHER_PLATFORM}\" $ACTION\n    \n    \n    # Build the fat static library binary\n    \n    echo \"Create universal static library\"\n    \n    echo \"$PLATFORM_DEVELOPER_BIN_DIR/libtool\" -static \"${BUILT_PRODUCTS_DIR}/${EXECUTABLE_PATH}\" \"${UFW_OTHER_BUILT_PRODUCTS_DIR}/${EXECUTABLE_PATH}\" -o \"${BUILT_PRODUCTS_DIR}/${EXECUTABLE_PATH}.temp\"\n    \"$PLATFORM_DEVELOPER_BIN_DIR/libtool\" -static \"${BUILT_PRODUCTS_DIR}/${EXECUTABLE_PATH}\" \"${UFW_OTHER_BUILT_PRODUCTS_DIR}/${EXECUTABLE_PATH}\" -o \"${BUILT_PRODUCTS_DIR}/${EXECUTABLE_PATH}.temp\"\n    \n    echo mv \"${BUILT_PRODUCTS_DIR}/${EXECUTABLE_PATH}.temp\" \"${BUILT_PRODUCTS_DIR}/${EXECUTABLE_PATH}\"\n    mv \"${BUILT_PRODUCTS_DIR}/${EXECUTABLE_PATH}.temp\" \"${BUILT_PRODUCTS_DIR}/${EXECUTABLE_PATH}\"\nfi\n\n# Build embedded framework structure\n\necho \"Build Embedded Framework\"\n\necho rm -rf \"${BUILT_PRODUCTS_DIR}/${PRODUCT_NAME}.embeddedframework\"\nrm -rf \"${BUILT_PRODUCTS_DIR}/${PRODUCT_NAME}.embeddedframework\"\necho mkdir -p \"${BUILT_PRODUCTS_DIR}/${PRODUCT_NAME}.embeddedframework/Resources\"\nmkdir -p \"${BUILT_PRODUCTS_DIR}/${PRODUCT_NAME}.embeddedframework/Resources\"\necho cp -a \"${BUILT_PRODUCTS_DIR}/${WRAPPER_NAME}\" \"${BUILT_PRODUCTS_DIR}/${PRODUCT_NAME}.embeddedframework/\"\ncp -a \"${BUILT_PRODUCTS_DIR}/${WRAPPER_NAME}\" \"${BUILT_PRODUCTS_DIR}/${PRODUCT_NAME}.embeddedframework/\"\n\ndeclare -a UFW_FILE_LIST\nlist_files \"${BUILT_PRODUCTS_DIR}/${UNLOCALIZED_RESOURCES_FOLDER_PATH}\" UFW_FILE_LIST\nfor filename in \"${UFW_FILE_LIST[@]}\"\ndo\n    if [[ \"${filename}\" != \"Info.plist\" ]] && [[ ! \"${filename}\" =~ .*\\.lproj$ ]]\n    then\n        echo ln -sf \"../${WRAPPER_NAME}/Resources/${filename}\" \"${BUILT_PRODUCTS_DIR}/${PRODUCT_NAME}.embeddedframework/Resources/${filename}\"\n        ln -sf \"../${WRAPPER_NAME}/Resources/${filename}\" \"${BUILT_PRODUCTS_DIR}/${PRODUCT_NAME}.embeddedframework/Resources/${filename}\"\n    fi\ndone\n\n\nif [ \"${ONLY_ACTIVE_PLATFORM}\" != \"YES\" ]\nthen\n    # Replace other platform's framework with a copy of this one (so that both have the same universal binary)\n    \n    echo \"Copy from $UFW_SDK_PLATFORM to $UFW_OTHER_PLATFORM\"\n    \n    echo rm -rf \"${BUILD_DIR}/${CONFIGURATION}-${UFW_OTHER_PLATFORM}\"\n    rm -rf \"${BUILD_DIR}/${CONFIGURATION}-${UFW_OTHER_PLATFORM}\"\n    echo cp -a \"${BUILD_DIR}/${CONFIGURATION}-${UFW_SDK_PLATFORM}\" \"${BUILD_DIR}/${CONFIGURATION}-${UFW_OTHER_PLATFORM}\"\n    cp -a \"${BUILD_DIR}/${CONFIGURATION}-${UFW_SDK_PLATFORM}\" \"${BUILD_DIR}/${CONFIGURATION}-${UFW_OTHER_PLATFORM}\"\nfi\n";
		};
/* End PBXShellScriptBuildPhase section */

/* Begin PBXSourcesBuildPhase section */
		53DA97BB149B5FCE0020CBB9 /* Sources */ = {
			isa = PBXSourcesBuildPhase;
			buildActionMask = 2147483647;
			files = (
				53DA97D9149B602C0020CBB9 /* TestH1.m in Sources */,
				53DA97DD149B603F0020CBB9 /* TestH2.m in Sources */,
				53DA97E1149B604C0020CBB9 /* TestH3.m in Sources */,
			);
			runOnlyForDeploymentPostprocessing = 0;
		};
/* End PBXSourcesBuildPhase section */

/* Begin PBXVariantGroup section */
		53DA97CA149B5FCE0020CBB9 /* InfoPlist.strings */ = {
			isa = PBXVariantGroup;
			children = (
				53DA97CB149B5FCE0020CBB9 /* en */,
			);
			name = InfoPlist.strings;
			sourceTree = "<group>";
		};
/* End PBXVariantGroup section */

/* Begin XCBuildConfiguration section */
		53DA97CE149B5FCE0020CBB9 /* Debug */ = {
			isa = XCBuildConfiguration;
			buildSettings = {
				ALWAYS_SEARCH_USER_PATHS = NO;
				ARCHS = "$(ARCHS_STANDARD_32_BIT)";
				COPY_PHASE_STRIP = NO;
				GCC_C_LANGUAGE_STANDARD = gnu99;
				GCC_DYNAMIC_NO_PIC = NO;
				GCC_OPTIMIZATION_LEVEL = 0;
				GCC_PREPROCESSOR_DEFINITIONS = (
					"DEBUG=1",
					"$(inherited)",
				);
				GCC_SYMBOLS_PRIVATE_EXTERN = NO;
				GCC_VERSION = com.apple.compilers.llvm.clang.1_0;
				GCC_WARN_ABOUT_MISSING_PROTOTYPES = YES;
				GCC_WARN_ABOUT_RETURN_TYPE = YES;
				GCC_WARN_UNUSED_VARIABLE = YES;
				IPHONEOS_DEPLOYMENT_TARGET = 5.0;
				SDKROOT = iphoneos;
			};
			name = Debug;
		};
		53DA97CF149B5FCE0020CBB9 /* Release */ = {
			isa = XCBuildConfiguration;
			buildSettings = {
				ALWAYS_SEARCH_USER_PATHS = NO;
				ARCHS = "$(ARCHS_STANDARD_32_BIT)";
				COPY_PHASE_STRIP = YES;
				GCC_C_LANGUAGE_STANDARD = gnu99;
				GCC_VERSION = com.apple.compilers.llvm.clang.1_0;
				GCC_WARN_ABOUT_MISSING_PROTOTYPES = YES;
				GCC_WARN_ABOUT_RETURN_TYPE = YES;
				GCC_WARN_UNUSED_VARIABLE = YES;
				IPHONEOS_DEPLOYMENT_TARGET = 5.0;
				SDKROOT = iphoneos;
				VALIDATE_PRODUCT = YES;
			};
			name = Release;
		};
		53DA97D1149B5FCE0020CBB9 /* Debug */ = {
			isa = XCBuildConfiguration;
			buildSettings = {
				DYLIB_COMPATIBILITY_VERSION = 1;
				DYLIB_CURRENT_VERSION = 1;
				FRAMEWORK_VERSION = A;
				GCC_PRECOMPILE_PREFIX_HEADER = YES;
				GCC_PREFIX_HEADER = "NonlinearHeadersExample/NonlinearHeadersExample-Prefix.pch";
				INFOPLIST_FILE = "NonlinearHeadersExample/NonlinearHeadersExample-Info.plist";
				PRODUCT_NAME = "$(TARGET_NAME)";
				SKIP_INSTALL = YES;
				WRAPPER_EXTENSION = framework;
			};
			name = Debug;
		};
		53DA97D2149B5FCE0020CBB9 /* Release */ = {
			isa = XCBuildConfiguration;
			buildSettings = {
				DYLIB_COMPATIBILITY_VERSION = 1;
				DYLIB_CURRENT_VERSION = 1;
				FRAMEWORK_VERSION = A;
				GCC_PRECOMPILE_PREFIX_HEADER = YES;
				GCC_PREFIX_HEADER = "NonlinearHeadersExample/NonlinearHeadersExample-Prefix.pch";
				INFOPLIST_FILE = "NonlinearHeadersExample/NonlinearHeadersExample-Info.plist";
				PRODUCT_NAME = "$(TARGET_NAME)";
				SKIP_INSTALL = YES;
				WRAPPER_EXTENSION = framework;
			};
			name = Release;
		};
/* End XCBuildConfiguration section */

/* Begin XCConfigurationList section */
		53DA97B8149B5FCE0020CBB9 /* Build configuration list for PBXProject "NonlinearHeadersExample" */ = {
			isa = XCConfigurationList;
			buildConfigurations = (
				53DA97CE149B5FCE0020CBB9 /* Debug */,
				53DA97CF149B5FCE0020CBB9 /* Release */,
			);
			defaultConfigurationIsVisible = 0;
			defaultConfigurationName = Release;
		};
		53DA97D0149B5FCE0020CBB9 /* Build configuration list for PBXNativeTarget "NonlinearHeadersExample" */ = {
			isa = XCConfigurationList;
			buildConfigurations = (
				53DA97D1149B5FCE0020CBB9 /* Debug */,
				53DA97D2149B5FCE0020CBB9 /* Release */,
			);
			defaultConfigurationIsVisible = 0;
		};
/* End XCConfigurationList section */
	};
	rootObject = 53DA97B5149B5FCE0020CBB9 /* Project object */;
}
